// !$*UTF8*$!
{
	archiveVersion = 1;
	classes = {
	};
	objectVersion = 46;
	objects = {

/* Begin PBXBuildFile section */
		29239B761DE52AF900825F40 /* AppDelegate.swift in Sources */ = {isa = PBXBuildFile; fileRef = 29239B751DE52AF900825F40 /* AppDelegate.swift */; };
		29239B781DE52AF900825F40 /* ReportViewController.swift in Sources */ = {isa = PBXBuildFile; fileRef = 29239B771DE52AF900825F40 /* ReportViewController.swift */; };
		29239B7B1DE52AF900825F40 /* Main.storyboard in Resources */ = {isa = PBXBuildFile; fileRef = 29239B791DE52AF900825F40 /* Main.storyboard */; };
		29239B7E1DE52AF900825F40 /* MatPuls.xcdatamodeld in Sources */ = {isa = PBXBuildFile; fileRef = 29239B7C1DE52AF900825F40 /* MatPuls.xcdatamodeld */; };
		29239B801DE52AF900825F40 /* Assets.xcassets in Resources */ = {isa = PBXBuildFile; fileRef = 29239B7F1DE52AF900825F40 /* Assets.xcassets */; };
		29239B831DE52AF900825F40 /* LaunchScreen.storyboard in Resources */ = {isa = PBXBuildFile; fileRef = 29239B811DE52AF900825F40 /* LaunchScreen.storyboard */; };
		29239B8E1DE52AF900825F40 /* ModelTests.swift in Sources */ = {isa = PBXBuildFile; fileRef = 29239B8D1DE52AF900825F40 /* ModelTests.swift */; };
		29239B991DE52AF900825F40 /* MatPulsUITests.swift in Sources */ = {isa = PBXBuildFile; fileRef = 29239B981DE52AF900825F40 /* MatPulsUITests.swift */; };
		29239BA71DE5E43100825F40 /* Report.swift in Sources */ = {isa = PBXBuildFile; fileRef = 29239BA61DE5E43100825F40 /* Report.swift */; };
		29239BA91DE5E4E000825F40 /* ReportCell.swift in Sources */ = {isa = PBXBuildFile; fileRef = 29239BA81DE5E4E000825F40 /* ReportCell.swift */; };
		29239BAB1DE5E70200825F40 /* Customer.swift in Sources */ = {isa = PBXBuildFile; fileRef = 29239BAA1DE5E70200825F40 /* Customer.swift */; };
		29239BAD1DE5E71800825F40 /* CustomerCell.swift in Sources */ = {isa = PBXBuildFile; fileRef = 29239BAC1DE5E71800825F40 /* CustomerCell.swift */; };
		29239BAF1DE5E72900825F40 /* CustomerTableViewController.swift in Sources */ = {isa = PBXBuildFile; fileRef = 29239BAE1DE5E72900825F40 /* CustomerTableViewController.swift */; };
		293B823A1DFDB365000EC41B /* Localizable.strings in Resources */ = {isa = PBXBuildFile; fileRef = 293B82381DFDB365000EC41B /* Localizable.strings */; };
		294F61EE1DE5F1FC00D9327D /* Cooler.swift in Sources */ = {isa = PBXBuildFile; fileRef = 294F61ED1DE5F1FC00D9327D /* Cooler.swift */; };
		294F61F01DE5F24600D9327D /* Item.swift in Sources */ = {isa = PBXBuildFile; fileRef = 294F61EF1DE5F24600D9327D /* Item.swift */; };
		294F61F21DE60BA900D9327D /* AddCustomerFormViewController.swift in Sources */ = {isa = PBXBuildFile; fileRef = 294F61F11DE60BA900D9327D /* AddCustomerFormViewController.swift */; };
		294F61F41DE620E900D9327D /* Helper.swift in Sources */ = {isa = PBXBuildFile; fileRef = 294F61F31DE620E900D9327D /* Helper.swift */; };
		294F61FA1DE839B200D9327D /* AddReportFormViewController.swift in Sources */ = {isa = PBXBuildFile; fileRef = 294F61F91DE839B200D9327D /* AddReportFormViewController.swift */; };
		294F61FC1DEA613C00D9327D /* CoolerTableViewController.swift in Sources */ = {isa = PBXBuildFile; fileRef = 294F61FB1DEA613C00D9327D /* CoolerTableViewController.swift */; };
		294F61FE1DEA626A00D9327D /* CoolerCell.swift in Sources */ = {isa = PBXBuildFile; fileRef = 294F61FD1DEA626A00D9327D /* CoolerCell.swift */; };
		294F62001DEB08DA00D9327D /* AddCoolerFormViewController.swift in Sources */ = {isa = PBXBuildFile; fileRef = 294F61FF1DEB08DA00D9327D /* AddCoolerFormViewController.swift */; };
		2954966D1DFC4D2400DBBF5D /* ReportGenerator.swift in Sources */ = {isa = PBXBuildFile; fileRef = 2954966C1DFC4D2400DBBF5D /* ReportGenerator.swift */; };
		29604F6F1DF393270052FD68 /* ItemTableViewController.swift in Sources */ = {isa = PBXBuildFile; fileRef = 29604F6E1DF393270052FD68 /* ItemTableViewController.swift */; };
		29604F711DF3936B0052FD68 /* AddItemFormViewController.swift in Sources */ = {isa = PBXBuildFile; fileRef = 29604F701DF3936B0052FD68 /* AddItemFormViewController.swift */; };
		29604F761DF437B40052FD68 /* ItemCell.swift in Sources */ = {isa = PBXBuildFile; fileRef = 29604F751DF437B40052FD68 /* ItemCell.swift */; };
		29ACE1EA1DFCC89B003468F6 /* report.mustache in Resources */ = {isa = PBXBuildFile; fileRef = 29ACE1E91DFCC89A003468F6 /* report.mustache */; };
		29ACE1ED1DFCD010003468F6 /* TempRow.swift in Sources */ = {isa = PBXBuildFile; fileRef = 29ACE1EC1DFCD010003468F6 /* TempRow.swift */; };
		29CBDCBF1DFC553C003B7474 /* PDFViewController.swift in Sources */ = {isa = PBXBuildFile; fileRef = 29CBDCBE1DFC553C003B7474 /* PDFViewController.swift */; };
		596652D66381F4CE435A935E /* Pods_MatPulsUITests.framework in Frameworks */ = {isa = PBXBuildFile; fileRef = 5A8B9A034D7324A923651592 /* Pods_MatPulsUITests.framework */; };
		927A86B73C4494F06DC9F9C3 /* Pods_MatPulsTests.framework in Frameworks */ = {isa = PBXBuildFile; fileRef = FCC3ED7F5D132B8FFA750990 /* Pods_MatPulsTests.framework */; };
		D6215E2BC7DC615E07FF90CC /* Pods_MatPuls.framework in Frameworks */ = {isa = PBXBuildFile; fileRef = DE432F41B8801F1C4C0D966F /* Pods_MatPuls.framework */; };
/* End PBXBuildFile section */

/* Begin PBXContainerItemProxy section */
		29239B8A1DE52AF900825F40 /* PBXContainerItemProxy */ = {
			isa = PBXContainerItemProxy;
			containerPortal = 29239B6A1DE52AF800825F40 /* Project object */;
			proxyType = 1;
			remoteGlobalIDString = 29239B711DE52AF800825F40;
			remoteInfo = MatPuls;
		};
		29239B951DE52AF900825F40 /* PBXContainerItemProxy */ = {
			isa = PBXContainerItemProxy;
			containerPortal = 29239B6A1DE52AF800825F40 /* Project object */;
			proxyType = 1;
			remoteGlobalIDString = 29239B711DE52AF800825F40;
			remoteInfo = MatPuls;
		};
/* End PBXContainerItemProxy section */

/* Begin PBXFileReference section */
		1E467C517EF5C42BA0C0D4FF /* Pods-MatPuls.release.xcconfig */ = {isa = PBXFileReference; includeInIndex = 1; lastKnownFileType = text.xcconfig; name = "Pods-MatPuls.release.xcconfig"; path = "Pods/Target Support Files/Pods-MatPuls/Pods-MatPuls.release.xcconfig"; sourceTree = "<group>"; };
		29239B721DE52AF900825F40 /* MatPuls.app */ = {isa = PBXFileReference; explicitFileType = wrapper.application; includeInIndex = 0; path = MatPuls.app; sourceTree = BUILT_PRODUCTS_DIR; };
		29239B751DE52AF900825F40 /* AppDelegate.swift */ = {isa = PBXFileReference; lastKnownFileType = sourcecode.swift; path = AppDelegate.swift; sourceTree = "<group>"; };
		29239B771DE52AF900825F40 /* ReportViewController.swift */ = {isa = PBXFileReference; lastKnownFileType = sourcecode.swift; path = ReportViewController.swift; sourceTree = "<group>"; };
		29239B7A1DE52AF900825F40 /* Base */ = {isa = PBXFileReference; lastKnownFileType = file.storyboard; name = Base; path = Base.lproj/Main.storyboard; sourceTree = "<group>"; };
		29239B7D1DE52AF900825F40 /* MatPuls.xcdatamodel */ = {isa = PBXFileReference; lastKnownFileType = wrapper.xcdatamodel; path = MatPuls.xcdatamodel; sourceTree = "<group>"; };
		29239B7F1DE52AF900825F40 /* Assets.xcassets */ = {isa = PBXFileReference; lastKnownFileType = folder.assetcatalog; path = Assets.xcassets; sourceTree = "<group>"; };
		29239B821DE52AF900825F40 /* Base */ = {isa = PBXFileReference; lastKnownFileType = file.storyboard; name = Base; path = Base.lproj/LaunchScreen.storyboard; sourceTree = "<group>"; };
		29239B841DE52AF900825F40 /* Info.plist */ = {isa = PBXFileReference; lastKnownFileType = text.plist.xml; path = Info.plist; sourceTree = "<group>"; };
		29239B891DE52AF900825F40 /* MatPulsTests.xctest */ = {isa = PBXFileReference; explicitFileType = wrapper.cfbundle; includeInIndex = 0; path = MatPulsTests.xctest; sourceTree = BUILT_PRODUCTS_DIR; };
		29239B8D1DE52AF900825F40 /* ModelTests.swift */ = {isa = PBXFileReference; lastKnownFileType = sourcecode.swift; path = ModelTests.swift; sourceTree = "<group>"; };
		29239B8F1DE52AF900825F40 /* Info.plist */ = {isa = PBXFileReference; lastKnownFileType = text.plist.xml; path = Info.plist; sourceTree = "<group>"; };
		29239B941DE52AF900825F40 /* MatPulsUITests.xctest */ = {isa = PBXFileReference; explicitFileType = wrapper.cfbundle; includeInIndex = 0; path = MatPulsUITests.xctest; sourceTree = BUILT_PRODUCTS_DIR; };
		29239B981DE52AF900825F40 /* MatPulsUITests.swift */ = {isa = PBXFileReference; lastKnownFileType = sourcecode.swift; path = MatPulsUITests.swift; sourceTree = "<group>"; };
		29239B9A1DE52AF900825F40 /* Info.plist */ = {isa = PBXFileReference; lastKnownFileType = text.plist.xml; path = Info.plist; sourceTree = "<group>"; };
		29239BA61DE5E43100825F40 /* Report.swift */ = {isa = PBXFileReference; fileEncoding = 4; lastKnownFileType = sourcecode.swift; path = Report.swift; sourceTree = "<group>"; };
		29239BA81DE5E4E000825F40 /* ReportCell.swift */ = {isa = PBXFileReference; fileEncoding = 4; lastKnownFileType = sourcecode.swift; path = ReportCell.swift; sourceTree = "<group>"; };
		29239BAA1DE5E70200825F40 /* Customer.swift */ = {isa = PBXFileReference; fileEncoding = 4; lastKnownFileType = sourcecode.swift; path = Customer.swift; sourceTree = "<group>"; };
		29239BAC1DE5E71800825F40 /* CustomerCell.swift */ = {isa = PBXFileReference; fileEncoding = 4; lastKnownFileType = sourcecode.swift; path = CustomerCell.swift; sourceTree = "<group>"; };
		29239BAE1DE5E72900825F40 /* CustomerTableViewController.swift */ = {isa = PBXFileReference; fileEncoding = 4; lastKnownFileType = sourcecode.swift; path = CustomerTableViewController.swift; sourceTree = "<group>"; };
		293B82391DFDB365000EC41B /* en */ = {isa = PBXFileReference; lastKnownFileType = text.plist.strings; name = en; path = en.lproj/Localizable.strings; sourceTree = "<group>"; };
		293B823B1DFDB370000EC41B /* nb */ = {isa = PBXFileReference; lastKnownFileType = text.plist.strings; name = nb; path = nb.lproj/Localizable.strings; sourceTree = "<group>"; };
		294F61ED1DE5F1FC00D9327D /* Cooler.swift */ = {isa = PBXFileReference; fileEncoding = 4; lastKnownFileType = sourcecode.swift; path = Cooler.swift; sourceTree = "<group>"; };
		294F61EF1DE5F24600D9327D /* Item.swift */ = {isa = PBXFileReference; fileEncoding = 4; lastKnownFileType = sourcecode.swift; path = Item.swift; sourceTree = "<group>"; };
		294F61F11DE60BA900D9327D /* AddCustomerFormViewController.swift */ = {isa = PBXFileReference; fileEncoding = 4; lastKnownFileType = sourcecode.swift; path = AddCustomerFormViewController.swift; sourceTree = "<group>"; };
		294F61F31DE620E900D9327D /* Helper.swift */ = {isa = PBXFileReference; fileEncoding = 4; lastKnownFileType = sourcecode.swift; path = Helper.swift; sourceTree = "<group>"; };
		294F61F51DE628B400D9327D /* nb */ = {isa = PBXFileReference; lastKnownFileType = text.plist.strings; name = nb; path = nb.lproj/Main.strings; sourceTree = "<group>"; };
		294F61F61DE628B400D9327D /* nb */ = {isa = PBXFileReference; lastKnownFileType = text.plist.strings; name = nb; path = nb.lproj/LaunchScreen.strings; sourceTree = "<group>"; };
		294F61F91DE839B200D9327D /* AddReportFormViewController.swift */ = {isa = PBXFileReference; fileEncoding = 4; lastKnownFileType = sourcecode.swift; path = AddReportFormViewController.swift; sourceTree = "<group>"; };
		294F61FB1DEA613C00D9327D /* CoolerTableViewController.swift */ = {isa = PBXFileReference; fileEncoding = 4; lastKnownFileType = sourcecode.swift; path = CoolerTableViewController.swift; sourceTree = "<group>"; };
		294F61FD1DEA626A00D9327D /* CoolerCell.swift */ = {isa = PBXFileReference; fileEncoding = 4; lastKnownFileType = sourcecode.swift; path = CoolerCell.swift; sourceTree = "<group>"; };
		294F61FF1DEB08DA00D9327D /* AddCoolerFormViewController.swift */ = {isa = PBXFileReference; fileEncoding = 4; lastKnownFileType = sourcecode.swift; path = AddCoolerFormViewController.swift; sourceTree = "<group>"; };
		2954966C1DFC4D2400DBBF5D /* ReportGenerator.swift */ = {isa = PBXFileReference; fileEncoding = 4; lastKnownFileType = sourcecode.swift; path = ReportGenerator.swift; sourceTree = "<group>"; };
		29604F6E1DF393270052FD68 /* ItemTableViewController.swift */ = {isa = PBXFileReference; fileEncoding = 4; lastKnownFileType = sourcecode.swift; path = ItemTableViewController.swift; sourceTree = "<group>"; };
		29604F701DF3936B0052FD68 /* AddItemFormViewController.swift */ = {isa = PBXFileReference; fileEncoding = 4; lastKnownFileType = sourcecode.swift; path = AddItemFormViewController.swift; sourceTree = "<group>"; };
		29604F751DF437B40052FD68 /* ItemCell.swift */ = {isa = PBXFileReference; fileEncoding = 4; lastKnownFileType = sourcecode.swift; path = ItemCell.swift; sourceTree = "<group>"; };
		29ACE1E91DFCC89A003468F6 /* report.mustache */ = {isa = PBXFileReference; fileEncoding = 4; lastKnownFileType = text; path = report.mustache; sourceTree = "<group>"; };
		29ACE1EC1DFCD010003468F6 /* TempRow.swift */ = {isa = PBXFileReference; fileEncoding = 4; lastKnownFileType = sourcecode.swift; path = TempRow.swift; sourceTree = "<group>"; };
		29CA15141DFD9D9E00FF649A /* en */ = {isa = PBXFileReference; lastKnownFileType = text.plist.strings; name = en; path = en.lproj/Main.strings; sourceTree = "<group>"; };
		29CA15151DFD9D9F00FF649A /* en */ = {isa = PBXFileReference; lastKnownFileType = text.plist.strings; name = en; path = en.lproj/LaunchScreen.strings; sourceTree = "<group>"; };
		29CBDCBE1DFC553C003B7474 /* PDFViewController.swift */ = {isa = PBXFileReference; fileEncoding = 4; lastKnownFileType = sourcecode.swift; path = PDFViewController.swift; sourceTree = "<group>"; };
		5A8B9A034D7324A923651592 /* Pods_MatPulsUITests.framework */ = {isa = PBXFileReference; explicitFileType = wrapper.framework; includeInIndex = 0; path = Pods_MatPulsUITests.framework; sourceTree = BUILT_PRODUCTS_DIR; };
		7835D5DAE3AB59CA3FDE2F9F /* Pods-MatPulsUITests.debug.xcconfig */ = {isa = PBXFileReference; includeInIndex = 1; lastKnownFileType = text.xcconfig; name = "Pods-MatPulsUITests.debug.xcconfig"; path = "Pods/Target Support Files/Pods-MatPulsUITests/Pods-MatPulsUITests.debug.xcconfig"; sourceTree = "<group>"; };
		8FE8088AA0B597947ECC16BE /* Pods-MatPulsUITests.release.xcconfig */ = {isa = PBXFileReference; includeInIndex = 1; lastKnownFileType = text.xcconfig; name = "Pods-MatPulsUITests.release.xcconfig"; path = "Pods/Target Support Files/Pods-MatPulsUITests/Pods-MatPulsUITests.release.xcconfig"; sourceTree = "<group>"; };
		97CC45CC9C11D69A4DC3336F /* Pods-MatPuls.debug.xcconfig */ = {isa = PBXFileReference; includeInIndex = 1; lastKnownFileType = text.xcconfig; name = "Pods-MatPuls.debug.xcconfig"; path = "Pods/Target Support Files/Pods-MatPuls/Pods-MatPuls.debug.xcconfig"; sourceTree = "<group>"; };
		9C8408D1369E567F55126B61 /* Pods-MatPulsTests.debug.xcconfig */ = {isa = PBXFileReference; includeInIndex = 1; lastKnownFileType = text.xcconfig; name = "Pods-MatPulsTests.debug.xcconfig"; path = "Pods/Target Support Files/Pods-MatPulsTests/Pods-MatPulsTests.debug.xcconfig"; sourceTree = "<group>"; };
		DE432F41B8801F1C4C0D966F /* Pods_MatPuls.framework */ = {isa = PBXFileReference; explicitFileType = wrapper.framework; includeInIndex = 0; path = Pods_MatPuls.framework; sourceTree = BUILT_PRODUCTS_DIR; };
		F24FF193BF5A226C99BE3B6A /* Pods-MatPulsTests.release.xcconfig */ = {isa = PBXFileReference; includeInIndex = 1; lastKnownFileType = text.xcconfig; name = "Pods-MatPulsTests.release.xcconfig"; path = "Pods/Target Support Files/Pods-MatPulsTests/Pods-MatPulsTests.release.xcconfig"; sourceTree = "<group>"; };
		FCC3ED7F5D132B8FFA750990 /* Pods_MatPulsTests.framework */ = {isa = PBXFileReference; explicitFileType = wrapper.framework; includeInIndex = 0; path = Pods_MatPulsTests.framework; sourceTree = BUILT_PRODUCTS_DIR; };
/* End PBXFileReference section */

/* Begin PBXFrameworksBuildPhase section */
		29239B6F1DE52AF800825F40 /* Frameworks */ = {
			isa = PBXFrameworksBuildPhase;
			buildActionMask = 2147483647;
			files = (
				D6215E2BC7DC615E07FF90CC /* Pods_MatPuls.framework in Frameworks */,
			);
			runOnlyForDeploymentPostprocessing = 0;
		};
		29239B861DE52AF900825F40 /* Frameworks */ = {
			isa = PBXFrameworksBuildPhase;
			buildActionMask = 2147483647;
			files = (
				927A86B73C4494F06DC9F9C3 /* Pods_MatPulsTests.framework in Frameworks */,
			);
			runOnlyForDeploymentPostprocessing = 0;
		};
		29239B911DE52AF900825F40 /* Frameworks */ = {
			isa = PBXFrameworksBuildPhase;
			buildActionMask = 2147483647;
			files = (
				596652D66381F4CE435A935E /* Pods_MatPulsUITests.framework in Frameworks */,
			);
			runOnlyForDeploymentPostprocessing = 0;
		};
/* End PBXFrameworksBuildPhase section */

/* Begin PBXGroup section */
		29239B691DE52AF800825F40 = {
			isa = PBXGroup;
			children = (
				29239B741DE52AF900825F40 /* MatPuls */,
				29239B8C1DE52AF900825F40 /* MatPulsTests */,
				29239B971DE52AF900825F40 /* MatPulsUITests */,
				29239B731DE52AF900825F40 /* Products */,
				7803D949D5652A35C308208C /* Pods */,
				6C8DCCCDE5BDBEA6A1C1ACA8 /* Frameworks */,
			);
			sourceTree = "<group>";
		};
		29239B731DE52AF900825F40 /* Products */ = {
			isa = PBXGroup;
			children = (
				29239B721DE52AF900825F40 /* MatPuls.app */,
				29239B891DE52AF900825F40 /* MatPulsTests.xctest */,
				29239B941DE52AF900825F40 /* MatPulsUITests.xctest */,
			);
			name = Products;
			sourceTree = "<group>";
		};
		29239B741DE52AF900825F40 /* MatPuls */ = {
			isa = PBXGroup;
			children = (
				29ACE1EB1DFCD003003468F6 /* rows */,
				29604F741DF3A1A30052FD68 /* controllers */,
				29604F731DF393930052FD68 /* models */,
				29604F721DF393880052FD68 /* cells */,
				29239B751DE52AF900825F40 /* AppDelegate.swift */,
				2954966C1DFC4D2400DBBF5D /* ReportGenerator.swift */,
				294F61F31DE620E900D9327D /* Helper.swift */,
				29239B791DE52AF900825F40 /* Main.storyboard */,
				293B82381DFDB365000EC41B /* Localizable.strings */,
				29239B7F1DE52AF900825F40 /* Assets.xcassets */,
				29ACE1E91DFCC89A003468F6 /* report.mustache */,
				29239B811DE52AF900825F40 /* LaunchScreen.storyboard */,
				29239B841DE52AF900825F40 /* Info.plist */,
				29239B7C1DE52AF900825F40 /* MatPuls.xcdatamodeld */,
			);
			path = MatPuls;
			sourceTree = "<group>";
		};
		29239B8C1DE52AF900825F40 /* MatPulsTests */ = {
			isa = PBXGroup;
			children = (
				29239B8D1DE52AF900825F40 /* ModelTests.swift */,
				29239B8F1DE52AF900825F40 /* Info.plist */,
			);
			path = MatPulsTests;
			sourceTree = "<group>";
		};
		29239B971DE52AF900825F40 /* MatPulsUITests */ = {
			isa = PBXGroup;
			children = (
				29239B981DE52AF900825F40 /* MatPulsUITests.swift */,
				29239B9A1DE52AF900825F40 /* Info.plist */,
			);
			path = MatPulsUITests;
			sourceTree = "<group>";
		};
		29604F721DF393880052FD68 /* cells */ = {
			isa = PBXGroup;
			children = (
				29604F751DF437B40052FD68 /* ItemCell.swift */,
				294F61FD1DEA626A00D9327D /* CoolerCell.swift */,
				29239BA81DE5E4E000825F40 /* ReportCell.swift */,
				29239BAC1DE5E71800825F40 /* CustomerCell.swift */,
			);
			name = cells;
			sourceTree = "<group>";
		};
		29604F731DF393930052FD68 /* models */ = {
			isa = PBXGroup;
			children = (
				294F61EF1DE5F24600D9327D /* Item.swift */,
				294F61ED1DE5F1FC00D9327D /* Cooler.swift */,
				29239BA61DE5E43100825F40 /* Report.swift */,
				29239BAA1DE5E70200825F40 /* Customer.swift */,
			);
			name = models;
			sourceTree = "<group>";
		};
		29604F741DF3A1A30052FD68 /* controllers */ = {
			isa = PBXGroup;
			children = (
				29604F701DF3936B0052FD68 /* AddItemFormViewController.swift */,
				29604F6E1DF393270052FD68 /* ItemTableViewController.swift */,
				294F61FF1DEB08DA00D9327D /* AddCoolerFormViewController.swift */,
				294F61FB1DEA613C00D9327D /* CoolerTableViewController.swift */,
				294F61F91DE839B200D9327D /* AddReportFormViewController.swift */,
				29239B771DE52AF900825F40 /* ReportViewController.swift */,
				294F61F11DE60BA900D9327D /* AddCustomerFormViewController.swift */,
				29239BAE1DE5E72900825F40 /* CustomerTableViewController.swift */,
				29CBDCBE1DFC553C003B7474 /* PDFViewController.swift */,
			);
			name = controllers;
			sourceTree = "<group>";
		};
		29ACE1EB1DFCD003003468F6 /* rows */ = {
			isa = PBXGroup;
			children = (
				29ACE1EC1DFCD010003468F6 /* TempRow.swift */,
			);
			name = rows;
			sourceTree = "<group>";
		};
		6C8DCCCDE5BDBEA6A1C1ACA8 /* Frameworks */ = {
			isa = PBXGroup;
			children = (
				DE432F41B8801F1C4C0D966F /* Pods_MatPuls.framework */,
				FCC3ED7F5D132B8FFA750990 /* Pods_MatPulsTests.framework */,
				5A8B9A034D7324A923651592 /* Pods_MatPulsUITests.framework */,
			);
			name = Frameworks;
			sourceTree = "<group>";
		};
		7803D949D5652A35C308208C /* Pods */ = {
			isa = PBXGroup;
			children = (
				97CC45CC9C11D69A4DC3336F /* Pods-MatPuls.debug.xcconfig */,
				1E467C517EF5C42BA0C0D4FF /* Pods-MatPuls.release.xcconfig */,
				9C8408D1369E567F55126B61 /* Pods-MatPulsTests.debug.xcconfig */,
				F24FF193BF5A226C99BE3B6A /* Pods-MatPulsTests.release.xcconfig */,
				7835D5DAE3AB59CA3FDE2F9F /* Pods-MatPulsUITests.debug.xcconfig */,
				8FE8088AA0B597947ECC16BE /* Pods-MatPulsUITests.release.xcconfig */,
			);
			name = Pods;
			sourceTree = "<group>";
		};
/* End PBXGroup section */

/* Begin PBXNativeTarget section */
		29239B711DE52AF800825F40 /* MatPuls */ = {
			isa = PBXNativeTarget;
			buildConfigurationList = 29239B9D1DE52AF900825F40 /* Build configuration list for PBXNativeTarget "MatPuls" */;
			buildPhases = (
				FADA9A64349A85B50EB61095 /* [CP] Check Pods Manifest.lock */,
				29239B6E1DE52AF800825F40 /* Sources */,
				29239B6F1DE52AF800825F40 /* Frameworks */,
				29239B701DE52AF800825F40 /* Resources */,
				81556403A8423F28297A9C67 /* [CP] Embed Pods Frameworks */,
				A28D64E0CF2CB4AB03DD4760 /* [CP] Copy Pods Resources */,
			);
			buildRules = (
			);
			dependencies = (
			);
			name = MatPuls;
			productName = MatPuls;
			productReference = 29239B721DE52AF900825F40 /* MatPuls.app */;
			productType = "com.apple.product-type.application";
		};
		29239B881DE52AF900825F40 /* MatPulsTests */ = {
			isa = PBXNativeTarget;
			buildConfigurationList = 29239BA01DE52AF900825F40 /* Build configuration list for PBXNativeTarget "MatPulsTests" */;
			buildPhases = (
				F412806AE336A09D9ADC36EC /* [CP] Check Pods Manifest.lock */,
				29239B851DE52AF900825F40 /* Sources */,
				29239B861DE52AF900825F40 /* Frameworks */,
				29239B871DE52AF900825F40 /* Resources */,
				73C02499C8824A5CD8056CFD /* [CP] Embed Pods Frameworks */,
				0A4C2FC9C1A46A4768BAE9EA /* [CP] Copy Pods Resources */,
			);
			buildRules = (
			);
			dependencies = (
				29239B8B1DE52AF900825F40 /* PBXTargetDependency */,
			);
			name = MatPulsTests;
			productName = MatPulsTests;
			productReference = 29239B891DE52AF900825F40 /* MatPulsTests.xctest */;
			productType = "com.apple.product-type.bundle.unit-test";
		};
		29239B931DE52AF900825F40 /* MatPulsUITests */ = {
			isa = PBXNativeTarget;
			buildConfigurationList = 29239BA31DE52AF900825F40 /* Build configuration list for PBXNativeTarget "MatPulsUITests" */;
			buildPhases = (
				B5B480EAB124E5FBB90E8236 /* [CP] Check Pods Manifest.lock */,
				29239B901DE52AF900825F40 /* Sources */,
				29239B911DE52AF900825F40 /* Frameworks */,
				29239B921DE52AF900825F40 /* Resources */,
				3445C92FBDB50C63DC68F999 /* [CP] Embed Pods Frameworks */,
				DF3B9B23CB2EC44AC0375B95 /* [CP] Copy Pods Resources */,
			);
			buildRules = (
			);
			dependencies = (
				29239B961DE52AF900825F40 /* PBXTargetDependency */,
			);
			name = MatPulsUITests;
			productName = MatPulsUITests;
			productReference = 29239B941DE52AF900825F40 /* MatPulsUITests.xctest */;
			productType = "com.apple.product-type.bundle.ui-testing";
		};
/* End PBXNativeTarget section */

/* Begin PBXProject section */
		29239B6A1DE52AF800825F40 /* Project object */ = {
			isa = PBXProject;
			attributes = {
				LastSwiftUpdateCheck = 0800;
				LastUpgradeCheck = 0800;
				ORGANIZATIONNAME = "Toni Sučić";
				TargetAttributes = {
					29239B711DE52AF800825F40 = {
						CreatedOnToolsVersion = 8.0;
						DevelopmentTeam = FE6WMDZ3AJ;
						ProvisioningStyle = Automatic;
					};
					29239B881DE52AF900825F40 = {
						CreatedOnToolsVersion = 8.0;
						DevelopmentTeam = FE6WMDZ3AJ;
						ProvisioningStyle = Automatic;
						TestTargetID = 29239B711DE52AF800825F40;
					};
					29239B931DE52AF900825F40 = {
						CreatedOnToolsVersion = 8.0;
						DevelopmentTeam = FE6WMDZ3AJ;
						ProvisioningStyle = Automatic;
						TestTargetID = 29239B711DE52AF800825F40;
					};
				};
			};
			buildConfigurationList = 29239B6D1DE52AF800825F40 /* Build configuration list for PBXProject "MatPuls" */;
			compatibilityVersion = "Xcode 3.2";
			developmentRegion = English;
			hasScannedForEncodings = 0;
			knownRegions = (
				Base,
				en,
				nb,
			);
			mainGroup = 29239B691DE52AF800825F40;
			productRefGroup = 29239B731DE52AF900825F40 /* Products */;
			projectDirPath = "";
			projectRoot = "";
			targets = (
				29239B711DE52AF800825F40 /* MatPuls */,
				29239B881DE52AF900825F40 /* MatPulsTests */,
				29239B931DE52AF900825F40 /* MatPulsUITests */,
			);
		};
/* End PBXProject section */

/* Begin PBXResourcesBuildPhase section */
		29239B701DE52AF800825F40 /* Resources */ = {
			isa = PBXResourcesBuildPhase;
			buildActionMask = 2147483647;
			files = (
				293B823A1DFDB365000EC41B /* Localizable.strings in Resources */,
				29239B831DE52AF900825F40 /* LaunchScreen.storyboard in Resources */,
				29239B801DE52AF900825F40 /* Assets.xcassets in Resources */,
				29239B7B1DE52AF900825F40 /* Main.storyboard in Resources */,
				29ACE1EA1DFCC89B003468F6 /* report.mustache in Resources */,
			);
			runOnlyForDeploymentPostprocessing = 0;
		};
		29239B871DE52AF900825F40 /* Resources */ = {
			isa = PBXResourcesBuildPhase;
			buildActionMask = 2147483647;
			files = (
			);
			runOnlyForDeploymentPostprocessing = 0;
		};
		29239B921DE52AF900825F40 /* Resources */ = {
			isa = PBXResourcesBuildPhase;
			buildActionMask = 2147483647;
			files = (
			);
			runOnlyForDeploymentPostprocessing = 0;
		};
/* End PBXResourcesBuildPhase section */

/* Begin PBXShellScriptBuildPhase section */
		0A4C2FC9C1A46A4768BAE9EA /* [CP] Copy Pods Resources */ = {
			isa = PBXShellScriptBuildPhase;
			buildActionMask = 2147483647;
			files = (
			);
			inputPaths = (
			);
			name = "[CP] Copy Pods Resources";
			outputPaths = (
			);
			runOnlyForDeploymentPostprocessing = 0;
			shellPath = /bin/sh;
			shellScript = "\"${SRCROOT}/Pods/Target Support Files/Pods-MatPulsTests/Pods-MatPulsTests-resources.sh\"\n";
			showEnvVarsInLog = 0;
		};
		3445C92FBDB50C63DC68F999 /* [CP] Embed Pods Frameworks */ = {
			isa = PBXShellScriptBuildPhase;
			buildActionMask = 2147483647;
			files = (
			);
			inputPaths = (
			);
			name = "[CP] Embed Pods Frameworks";
			outputPaths = (
			);
			runOnlyForDeploymentPostprocessing = 0;
			shellPath = /bin/sh;
			shellScript = "\"${SRCROOT}/Pods/Target Support Files/Pods-MatPulsUITests/Pods-MatPulsUITests-frameworks.sh\"\n";
			showEnvVarsInLog = 0;
		};
		73C02499C8824A5CD8056CFD /* [CP] Embed Pods Frameworks */ = {
			isa = PBXShellScriptBuildPhase;
			buildActionMask = 2147483647;
			files = (
			);
			inputPaths = (
			);
			name = "[CP] Embed Pods Frameworks";
			outputPaths = (
			);
			runOnlyForDeploymentPostprocessing = 0;
			shellPath = /bin/sh;
			shellScript = "\"${SRCROOT}/Pods/Target Support Files/Pods-MatPulsTests/Pods-MatPulsTests-frameworks.sh\"\n";
			showEnvVarsInLog = 0;
		};
		81556403A8423F28297A9C67 /* [CP] Embed Pods Frameworks */ = {
			isa = PBXShellScriptBuildPhase;
			buildActionMask = 2147483647;
			files = (
			);
			inputPaths = (
			);
			name = "[CP] Embed Pods Frameworks";
			outputPaths = (
			);
			runOnlyForDeploymentPostprocessing = 0;
			shellPath = /bin/sh;
			shellScript = "\"${SRCROOT}/Pods/Target Support Files/Pods-MatPuls/Pods-MatPuls-frameworks.sh\"\n";
			showEnvVarsInLog = 0;
		};
		A28D64E0CF2CB4AB03DD4760 /* [CP] Copy Pods Resources */ = {
			isa = PBXShellScriptBuildPhase;
			buildActionMask = 2147483647;
			files = (
			);
			inputPaths = (
			);
			name = "[CP] Copy Pods Resources";
			outputPaths = (
			);
			runOnlyForDeploymentPostprocessing = 0;
			shellPath = /bin/sh;
			shellScript = "\"${SRCROOT}/Pods/Target Support Files/Pods-MatPuls/Pods-MatPuls-resources.sh\"\n";
			showEnvVarsInLog = 0;
		};
		B5B480EAB124E5FBB90E8236 /* [CP] Check Pods Manifest.lock */ = {
			isa = PBXShellScriptBuildPhase;
			buildActionMask = 2147483647;
			files = (
			);
			inputPaths = (
			);
			name = "[CP] Check Pods Manifest.lock";
			outputPaths = (
			);
			runOnlyForDeploymentPostprocessing = 0;
			shellPath = /bin/sh;
			shellScript = "diff \"${PODS_ROOT}/../Podfile.lock\" \"${PODS_ROOT}/Manifest.lock\" > /dev/null\nif [ $? != 0 ] ; then\n    # print error to STDERR\n    echo \"error: The sandbox is not in sync with the Podfile.lock. Run 'pod install' or update your CocoaPods installation.\" >&2\n    exit 1\nfi\n";
			showEnvVarsInLog = 0;
		};
		DF3B9B23CB2EC44AC0375B95 /* [CP] Copy Pods Resources */ = {
			isa = PBXShellScriptBuildPhase;
			buildActionMask = 2147483647;
			files = (
			);
			inputPaths = (
			);
			name = "[CP] Copy Pods Resources";
			outputPaths = (
			);
			runOnlyForDeploymentPostprocessing = 0;
			shellPath = /bin/sh;
			shellScript = "\"${SRCROOT}/Pods/Target Support Files/Pods-MatPulsUITests/Pods-MatPulsUITests-resources.sh\"\n";
			showEnvVarsInLog = 0;
		};
		F412806AE336A09D9ADC36EC /* [CP] Check Pods Manifest.lock */ = {
			isa = PBXShellScriptBuildPhase;
			buildActionMask = 2147483647;
			files = (
			);
			inputPaths = (
			);
			name = "[CP] Check Pods Manifest.lock";
			outputPaths = (
			);
			runOnlyForDeploymentPostprocessing = 0;
			shellPath = /bin/sh;
			shellScript = "diff \"${PODS_ROOT}/../Podfile.lock\" \"${PODS_ROOT}/Manifest.lock\" > /dev/null\nif [ $? != 0 ] ; then\n    # print error to STDERR\n    echo \"error: The sandbox is not in sync with the Podfile.lock. Run 'pod install' or update your CocoaPods installation.\" >&2\n    exit 1\nfi\n";
			showEnvVarsInLog = 0;
		};
		FADA9A64349A85B50EB61095 /* [CP] Check Pods Manifest.lock */ = {
			isa = PBXShellScriptBuildPhase;
			buildActionMask = 2147483647;
			files = (
			);
			inputPaths = (
			);
			name = "[CP] Check Pods Manifest.lock";
			outputPaths = (
			);
			runOnlyForDeploymentPostprocessing = 0;
			shellPath = /bin/sh;
			shellScript = "diff \"${PODS_ROOT}/../Podfile.lock\" \"${PODS_ROOT}/Manifest.lock\" > /dev/null\nif [ $? != 0 ] ; then\n    # print error to STDERR\n    echo \"error: The sandbox is not in sync with the Podfile.lock. Run 'pod install' or update your CocoaPods installation.\" >&2\n    exit 1\nfi\n";
			showEnvVarsInLog = 0;
		};
/* End PBXShellScriptBuildPhase section */

/* Begin PBXSourcesBuildPhase section */
		29239B6E1DE52AF800825F40 /* Sources */ = {
			isa = PBXSourcesBuildPhase;
			buildActionMask = 2147483647;
			files = (
				29604F711DF3936B0052FD68 /* AddItemFormViewController.swift in Sources */,
				294F61F01DE5F24600D9327D /* Item.swift in Sources */,
				294F61F41DE620E900D9327D /* Helper.swift in Sources */,
				2954966D1DFC4D2400DBBF5D /* ReportGenerator.swift in Sources */,
				29239B781DE52AF900825F40 /* ReportViewController.swift in Sources */,
				29604F761DF437B40052FD68 /* ItemCell.swift in Sources */,
				294F61FC1DEA613C00D9327D /* CoolerTableViewController.swift in Sources */,
				294F62001DEB08DA00D9327D /* AddCoolerFormViewController.swift in Sources */,
				294F61EE1DE5F1FC00D9327D /* Cooler.swift in Sources */,
				29604F6F1DF393270052FD68 /* ItemTableViewController.swift in Sources */,
				29239B761DE52AF900825F40 /* AppDelegate.swift in Sources */,
				29239B7E1DE52AF900825F40 /* MatPuls.xcdatamodeld in Sources */,
				29CBDCBF1DFC553C003B7474 /* PDFViewController.swift in Sources */,
				29239BAB1DE5E70200825F40 /* Customer.swift in Sources */,
				29239BAD1DE5E71800825F40 /* CustomerCell.swift in Sources */,
				294F61FE1DEA626A00D9327D /* CoolerCell.swift in Sources */,
				294F61FA1DE839B200D9327D /* AddReportFormViewController.swift in Sources */,
				294F61F21DE60BA900D9327D /* AddCustomerFormViewController.swift in Sources */,
				29ACE1ED1DFCD010003468F6 /* TempRow.swift in Sources */,
				29239BA71DE5E43100825F40 /* Report.swift in Sources */,
				29239BA91DE5E4E000825F40 /* ReportCell.swift in Sources */,
				29239BAF1DE5E72900825F40 /* CustomerTableViewController.swift in Sources */,
			);
			runOnlyForDeploymentPostprocessing = 0;
		};
		29239B851DE52AF900825F40 /* Sources */ = {
			isa = PBXSourcesBuildPhase;
			buildActionMask = 2147483647;
			files = (
				29239B8E1DE52AF900825F40 /* ModelTests.swift in Sources */,
			);
			runOnlyForDeploymentPostprocessing = 0;
		};
		29239B901DE52AF900825F40 /* Sources */ = {
			isa = PBXSourcesBuildPhase;
			buildActionMask = 2147483647;
			files = (
				29239B991DE52AF900825F40 /* MatPulsUITests.swift in Sources */,
			);
			runOnlyForDeploymentPostprocessing = 0;
		};
/* End PBXSourcesBuildPhase section */

/* Begin PBXTargetDependency section */
		29239B8B1DE52AF900825F40 /* PBXTargetDependency */ = {
			isa = PBXTargetDependency;
			target = 29239B711DE52AF800825F40 /* MatPuls */;
			targetProxy = 29239B8A1DE52AF900825F40 /* PBXContainerItemProxy */;
		};
		29239B961DE52AF900825F40 /* PBXTargetDependency */ = {
			isa = PBXTargetDependency;
			target = 29239B711DE52AF800825F40 /* MatPuls */;
			targetProxy = 29239B951DE52AF900825F40 /* PBXContainerItemProxy */;
		};
/* End PBXTargetDependency section */

/* Begin PBXVariantGroup section */
		29239B791DE52AF900825F40 /* Main.storyboard */ = {
			isa = PBXVariantGroup;
			children = (
				29239B7A1DE52AF900825F40 /* Base */,
				294F61F51DE628B400D9327D /* nb */,
				29CA15141DFD9D9E00FF649A /* en */,
			);
			name = Main.storyboard;
			sourceTree = "<group>";
		};
		29239B811DE52AF900825F40 /* LaunchScreen.storyboard */ = {
			isa = PBXVariantGroup;
			children = (
				29239B821DE52AF900825F40 /* Base */,
				294F61F61DE628B400D9327D /* nb */,
				29CA15151DFD9D9F00FF649A /* en */,
			);
			name = LaunchScreen.storyboard;
			sourceTree = "<group>";
		};
		293B82381DFDB365000EC41B /* Localizable.strings */ = {
			isa = PBXVariantGroup;
			children = (
				293B82391DFDB365000EC41B /* en */,
				293B823B1DFDB370000EC41B /* nb */,
			);
			name = Localizable.strings;
			sourceTree = "<group>";
		};
/* End PBXVariantGroup section */

/* Begin XCBuildConfiguration section */
		29239B9B1DE52AF900825F40 /* Debug */ = {
			isa = XCBuildConfiguration;
			buildSettings = {
				ALWAYS_SEARCH_USER_PATHS = NO;
				CLANG_ANALYZER_LOCALIZABILITY_NONLOCALIZED = YES;
				CLANG_ANALYZER_NONNULL = YES;
				CLANG_CXX_LANGUAGE_STANDARD = "gnu++0x";
				CLANG_CXX_LIBRARY = "libc++";
				CLANG_ENABLE_MODULES = YES;
				CLANG_ENABLE_OBJC_ARC = YES;
				CLANG_WARN_BOOL_CONVERSION = YES;
				CLANG_WARN_CONSTANT_CONVERSION = YES;
				CLANG_WARN_DIRECT_OBJC_ISA_USAGE = YES_ERROR;
				CLANG_WARN_DOCUMENTATION_COMMENTS = YES;
				CLANG_WARN_EMPTY_BODY = YES;
				CLANG_WARN_ENUM_CONVERSION = YES;
				CLANG_WARN_INFINITE_RECURSION = YES;
				CLANG_WARN_INT_CONVERSION = YES;
				CLANG_WARN_OBJC_ROOT_CLASS = YES_ERROR;
				CLANG_WARN_SUSPICIOUS_MOVE = YES;
				CLANG_WARN_SUSPICIOUS_MOVES = YES;
				CLANG_WARN_UNREACHABLE_CODE = YES;
				CLANG_WARN__DUPLICATE_METHOD_MATCH = YES;
				"CODE_SIGN_IDENTITY[sdk=iphoneos*]" = "iPhone Developer";
				COPY_PHASE_STRIP = NO;
				DEBUG_INFORMATION_FORMAT = dwarf;
				ENABLE_STRICT_OBJC_MSGSEND = YES;
				ENABLE_TESTABILITY = YES;
				GCC_C_LANGUAGE_STANDARD = gnu99;
				GCC_DYNAMIC_NO_PIC = NO;
				GCC_NO_COMMON_BLOCKS = YES;
				GCC_OPTIMIZATION_LEVEL = 0;
				GCC_PREPROCESSOR_DEFINITIONS = (
					"DEBUG=1",
					"$(inherited)",
				);
				GCC_WARN_64_TO_32_BIT_CONVERSION = YES;
				GCC_WARN_ABOUT_RETURN_TYPE = YES_ERROR;
				GCC_WARN_UNDECLARED_SELECTOR = YES;
				GCC_WARN_UNINITIALIZED_AUTOS = YES_AGGRESSIVE;
				GCC_WARN_UNUSED_FUNCTION = YES;
				GCC_WARN_UNUSED_VARIABLE = YES;
				IPHONEOS_DEPLOYMENT_TARGET = 10.0;
				MTL_ENABLE_DEBUG_INFO = YES;
				ONLY_ACTIVE_ARCH = YES;
				SDKROOT = iphoneos;
				SWIFT_ACTIVE_COMPILATION_CONDITIONS = DEBUG;
				SWIFT_OPTIMIZATION_LEVEL = "-Onone";
			};
			name = Debug;
		};
		29239B9C1DE52AF900825F40 /* Release */ = {
			isa = XCBuildConfiguration;
			buildSettings = {
				ALWAYS_SEARCH_USER_PATHS = NO;
				CLANG_ANALYZER_LOCALIZABILITY_NONLOCALIZED = YES;
				CLANG_ANALYZER_NONNULL = YES;
				CLANG_CXX_LANGUAGE_STANDARD = "gnu++0x";
				CLANG_CXX_LIBRARY = "libc++";
				CLANG_ENABLE_MODULES = YES;
				CLANG_ENABLE_OBJC_ARC = YES;
				CLANG_WARN_BOOL_CONVERSION = YES;
				CLANG_WARN_CONSTANT_CONVERSION = YES;
				CLANG_WARN_DIRECT_OBJC_ISA_USAGE = YES_ERROR;
				CLANG_WARN_DOCUMENTATION_COMMENTS = YES;
				CLANG_WARN_EMPTY_BODY = YES;
				CLANG_WARN_ENUM_CONVERSION = YES;
				CLANG_WARN_INFINITE_RECURSION = YES;
				CLANG_WARN_INT_CONVERSION = YES;
				CLANG_WARN_OBJC_ROOT_CLASS = YES_ERROR;
				CLANG_WARN_SUSPICIOUS_MOVE = YES;
				CLANG_WARN_SUSPICIOUS_MOVES = YES;
				CLANG_WARN_UNREACHABLE_CODE = YES;
				CLANG_WARN__DUPLICATE_METHOD_MATCH = YES;
				"CODE_SIGN_IDENTITY[sdk=iphoneos*]" = "iPhone Developer";
				COPY_PHASE_STRIP = NO;
				DEBUG_INFORMATION_FORMAT = "dwarf-with-dsym";
				ENABLE_NS_ASSERTIONS = NO;
				ENABLE_STRICT_OBJC_MSGSEND = YES;
				GCC_C_LANGUAGE_STANDARD = gnu99;
				GCC_NO_COMMON_BLOCKS = YES;
				GCC_WARN_64_TO_32_BIT_CONVERSION = YES;
				GCC_WARN_ABOUT_RETURN_TYPE = YES_ERROR;
				GCC_WARN_UNDECLARED_SELECTOR = YES;
				GCC_WARN_UNINITIALIZED_AUTOS = YES_AGGRESSIVE;
				GCC_WARN_UNUSED_FUNCTION = YES;
				GCC_WARN_UNUSED_VARIABLE = YES;
				IPHONEOS_DEPLOYMENT_TARGET = 10.0;
				MTL_ENABLE_DEBUG_INFO = NO;
				SDKROOT = iphoneos;
				SWIFT_OPTIMIZATION_LEVEL = "-Owholemodule";
				VALIDATE_PRODUCT = YES;
			};
			name = Release;
		};
		29239B9E1DE52AF900825F40 /* Debug */ = {
			isa = XCBuildConfiguration;
			baseConfigurationReference = 97CC45CC9C11D69A4DC3336F /* Pods-MatPuls.debug.xcconfig */;
			buildSettings = {
				ASSETCATALOG_COMPILER_APPICON_NAME = AppIcon;
				DEVELOPMENT_TEAM = FE6WMDZ3AJ;
				INFOPLIST_FILE = MatPuls/Info.plist;
				LD_RUNPATH_SEARCH_PATHS = "$(inherited) @executable_path/Frameworks";
				PRODUCT_BUNDLE_IDENTIFIER = com.tonisucic.MatPuls;
				PRODUCT_NAME = "$(TARGET_NAME)";
				SWIFT_VERSION = 3.0;
			};
			name = Debug;
		};
		29239B9F1DE52AF900825F40 /* Release */ = {
			isa = XCBuildConfiguration;
			baseConfigurationReference = 1E467C517EF5C42BA0C0D4FF /* Pods-MatPuls.release.xcconfig */;
			buildSettings = {
				ASSETCATALOG_COMPILER_APPICON_NAME = AppIcon;
				DEVELOPMENT_TEAM = FE6WMDZ3AJ;
				INFOPLIST_FILE = MatPuls/Info.plist;
				LD_RUNPATH_SEARCH_PATHS = "$(inherited) @executable_path/Frameworks";
				PRODUCT_BUNDLE_IDENTIFIER = com.tonisucic.MatPuls;
				PRODUCT_NAME = "$(TARGET_NAME)";
				SWIFT_VERSION = 3.0;
			};
			name = Release;
		};
		29239BA11DE52AF900825F40 /* Debug */ = {
			isa = XCBuildConfiguration;
			baseConfigurationReference = 9C8408D1369E567F55126B61 /* Pods-MatPulsTests.debug.xcconfig */;
			buildSettings = {
				ALWAYS_EMBED_SWIFT_STANDARD_LIBRARIES = YES;
				BUNDLE_LOADER = "$(TEST_HOST)";
				DEVELOPMENT_TEAM = FE6WMDZ3AJ;
				INFOPLIST_FILE = MatPulsTests/Info.plist;
				LD_RUNPATH_SEARCH_PATHS = "$(inherited) @executable_path/Frameworks @loader_path/Frameworks";
				PRODUCT_BUNDLE_IDENTIFIER = com.tonisucic.MatPulsTests;
				PRODUCT_NAME = "$(TARGET_NAME)";
				SWIFT_VERSION = 3.0;
				TEST_HOST = "$(BUILT_PRODUCTS_DIR)/MatPuls.app/MatPuls";
			};
			name = Debug;
		};
		29239BA21DE52AF900825F40 /* Release */ = {
			isa = XCBuildConfiguration;
			baseConfigurationReference = F24FF193BF5A226C99BE3B6A /* Pods-MatPulsTests.release.xcconfig */;
			buildSettings = {
				ALWAYS_EMBED_SWIFT_STANDARD_LIBRARIES = YES;
				BUNDLE_LOADER = "$(TEST_HOST)";
				DEVELOPMENT_TEAM = FE6WMDZ3AJ;
				INFOPLIST_FILE = MatPulsTests/Info.plist;
				LD_RUNPATH_SEARCH_PATHS = "$(inherited) @executable_path/Frameworks @loader_path/Frameworks";
				PRODUCT_BUNDLE_IDENTIFIER = com.tonisucic.MatPulsTests;
				PRODUCT_NAME = "$(TARGET_NAME)";
				SWIFT_VERSION = 3.0;
				TEST_HOST = "$(BUILT_PRODUCTS_DIR)/MatPuls.app/MatPuls";
			};
			name = Release;
		};
		29239BA41DE52AF900825F40 /* Debug */ = {
			isa = XCBuildConfiguration;
			baseConfigurationReference = 7835D5DAE3AB59CA3FDE2F9F /* Pods-MatPulsUITests.debug.xcconfig */;
			buildSettings = {
				ALWAYS_EMBED_SWIFT_STANDARD_LIBRARIES = YES;
				DEVELOPMENT_TEAM = FE6WMDZ3AJ;
				INFOPLIST_FILE = MatPulsUITests/Info.plist;
				LD_RUNPATH_SEARCH_PATHS = "$(inherited) @executable_path/Frameworks @loader_path/Frameworks";
				PRODUCT_BUNDLE_IDENTIFIER = com.tonisucic.MatPulsUITests;
				PRODUCT_NAME = "$(TARGET_NAME)";
				SWIFT_VERSION = 3.0;
				TEST_TARGET_NAME = MatPuls;
			};
			name = Debug;
		};
		29239BA51DE52AF900825F40 /* Release */ = {
			isa = XCBuildConfiguration;
			baseConfigurationReference = 8FE8088AA0B597947ECC16BE /* Pods-MatPulsUITests.release.xcconfig */;
			buildSettings = {
				ALWAYS_EMBED_SWIFT_STANDARD_LIBRARIES = YES;
				DEVELOPMENT_TEAM = FE6WMDZ3AJ;
				INFOPLIST_FILE = MatPulsUITests/Info.plist;
				LD_RUNPATH_SEARCH_PATHS = "$(inherited) @executable_path/Frameworks @loader_path/Frameworks";
				PRODUCT_BUNDLE_IDENTIFIER = com.tonisucic.MatPulsUITests;
				PRODUCT_NAME = "$(TARGET_NAME)";
				SWIFT_VERSION = 3.0;
				TEST_TARGET_NAME = MatPuls;
			};
			name = Release;
		};
/* End XCBuildConfiguration section */

/* Begin XCConfigurationList section */
		29239B6D1DE52AF800825F40 /* Build configuration list for PBXProject "MatPuls" */ = {
			isa = XCConfigurationList;
			buildConfigurations = (
				29239B9B1DE52AF900825F40 /* Debug */,
				29239B9C1DE52AF900825F40 /* Release */,
			);
			defaultConfigurationIsVisible = 0;
			defaultConfigurationName = Release;
		};
		29239B9D1DE52AF900825F40 /* Build configuration list for PBXNativeTarget "MatPuls" */ = {
			isa = XCConfigurationList;
			buildConfigurations = (
				29239B9E1DE52AF900825F40 /* Debug */,
				29239B9F1DE52AF900825F40 /* Release */,
			);
			defaultConfigurationIsVisible = 0;
			defaultConfigurationName = Release;
		};
		29239BA01DE52AF900825F40 /* Build configuration list for PBXNativeTarget "MatPulsTests" */ = {
			isa = XCConfigurationList;
			buildConfigurations = (
				29239BA11DE52AF900825F40 /* Debug */,
				29239BA21DE52AF900825F40 /* Release */,
			);
			defaultConfigurationIsVisible = 0;
			defaultConfigurationName = Release;
		};
		29239BA31DE52AF900825F40 /* Build configuration list for PBXNativeTarget "MatPulsUITests" */ = {
			isa = XCConfigurationList;
			buildConfigurations = (
				29239BA41DE52AF900825F40 /* Debug */,
				29239BA51DE52AF900825F40 /* Release */,
			);
			defaultConfigurationIsVisible = 0;
			defaultConfigurationName = Release;
		};
/* End XCConfigurationList section */

/* Begin XCVersionGroup section */
		29239B7C1DE52AF900825F40 /* MatPuls.xcdatamodeld */ = {
			isa = XCVersionGroup;
			children = (
				29239B7D1DE52AF900825F40 /* MatPuls.xcdatamodel */,
			);
			currentVersion = 29239B7D1DE52AF900825F40 /* MatPuls.xcdatamodel */;
			path = MatPuls.xcdatamodeld;
			sourceTree = "<group>";
			versionGroupType = wrapper.xcdatamodel;
		};
/* End XCVersionGroup section */
	};
	rootObject = 29239B6A1DE52AF800825F40 /* Project object */;
}
